lockfileVersion: '6.0'

settings:
  autoInstallPeers: true
  excludeLinksFromLockfile: false

devDependencies:
  husky:
    specifier: 8.0.3
    version: 8.0.3
  lint-staged:
    specifier: ^15.0.0
    version: 15.4.3
  prettier:
    specifier: ^3.0.3
    version: 3.5.2
  prettier-plugin-packagejson:
    specifier: ^2.4.5
    version: 2.5.8(prettier@3.5.2)

packages:

  /@pkgr/core@0.1.1:
    resolution: {integrity: sha512-cq8o4cWH0ibXh9VGi5P20Tu9XF/0fFXl9EUinr9QfTM7a7p0oTA4iJRCQWppXR1Pg8dSM0UCItCkPwsk9qWWYA==}
    engines: {node: ^12.20.0 || ^14.18.0 || >=16.0.0}
    dev: true

  /ansi-escapes@7.0.0:
    resolution: {integrity: sha512-GdYO7a61mR0fOlAsvC9/rIHf7L96sBc6dEWzeOu+KAea5bZyQRPIpojrVoI4AXGJS/ycu/fBTdLrUkA4ODrvjw==}
    engines: {node: '>=18'}
    dependencies:
      environment: 1.1.0
    dev: true

  /ansi-regex@6.1.0:
    resolution: {integrity: sha512-7HSX4QQb4CspciLpVFwyRe79O3xsIZDDLER21kERQ71oaPodF8jL725AgJMFAYbooIqolJoRLuM81SpeUkpkvA==}
    engines: {node: '>=12'}
    dev: true

  /ansi-styles@6.2.1:
    resolution: {integrity: sha512-bN798gFfQX+viw3R7yrGWRqnrN2oRkEkUjjl4JNn4E8GxxbjtG3FbrEIIY3l8/hrwUwIeCZvi4QuOTP4MErVug==}
    engines: {node: '>=12'}
    dev: true

  /braces@3.0.3:
    resolution: {integrity: sha512-yQbXgO/OSZVD2IsiLlro+7Hf6Q18EJrKSEsdoMzKePKXct3gvD8oLcOQdIzGupr5Fj+EDe8gO/lxc1BzfMpxvA==}
    engines: {node: '>=8'}
    dependencies:
      fill-range: 7.1.1
    dev: true

  /chalk@5.4.1:
    resolution: {integrity: sha512-zgVZuo2WcZgfUEmsn6eO3kINexW8RAE4maiQ8QNs8CtpPCSyMiYsULR3HQYkm3w8FIA3SberyMJMSldGsW+U3w==}
    engines: {node: ^12.17.0 || ^14.13 || >=16.0.0}
    dev: true

  /cli-cursor@5.0.0:
    resolution: {integrity: sha512-aCj4O5wKyszjMmDT4tZj93kxyydN/K5zPWSCe6/0AV/AA1pqe5ZBIw0a2ZfPQV7lL5/yb5HsUreJ6UFAF1tEQw==}
    engines: {node: '>=18'}
    dependencies:
      restore-cursor: 5.1.0
    dev: true

  /cli-truncate@4.0.0:
    resolution: {integrity: sha512-nPdaFdQ0h/GEigbPClz11D0v/ZJEwxmeVZGeMo3Z5StPtUTkA9o1lD6QwoirYiSDzbcwn2XcjwmCp68W1IS4TA==}
    engines: {node: '>=18'}
    dependencies:
      slice-ansi: 5.0.0
      string-width: 7.2.0
    dev: true

  /colorette@2.0.20:
    resolution: {integrity: sha512-IfEDxwoWIjkeXL1eXcDiow4UbKjhLdq6/EuSVR9GMN7KVH3r9gQ83e73hsz1Nd1T3ijd5xv1wcWRYO+D6kCI2w==}
    dev: true

  /commander@13.1.0:
    resolution: {integrity: sha512-/rFeCpNJQbhSZjGVwO9RFV3xPqbnERS8MmIQzCtD/zl6gpJuV/bMLuN92oG3F7d8oDEHHRrujSXNUr8fpjntKw==}
    engines: {node: '>=18'}
    dev: true

  /cross-spawn@7.0.6:
    resolution: {integrity: sha512-uV2QOWP2nWzsy2aMp8aRibhi9dlzF5Hgh5SHaB9OiTGEyDTiJJyx0uy51QXdyWbtAHNua4XJzUKca3OzKUd3vA==}
    engines: {node: '>= 8'}
    dependencies:
      path-key: 3.1.1
      shebang-command: 2.0.0
      which: 2.0.2
    dev: true

  /debug@4.4.0:
    resolution: {integrity: sha512-6WTZ/IxCY/T6BALoZHaE4ctp9xm+Z5kY/pzYaCHRFeyVhojxlrm+46y68HA6hr0TcwEssoxNiDEUJQjfPZ/RYA==}
    engines: {node: '>=6.0'}
    peerDependencies:
      supports-color: '*'
    peerDependenciesMeta:
      supports-color:
        optional: true
    dependencies:
      ms: 2.1.3
    dev: true

  /detect-indent@7.0.1:
    resolution: {integrity: sha512-Mc7QhQ8s+cLrnUfU/Ji94vG/r8M26m8f++vyres4ZoojaRDpZ1eSIh/EpzLNwlWuvzSZ3UbDFspjFvTDXe6e/g==}
    engines: {node: '>=12.20'}
    dev: true

  /detect-newline@4.0.1:
    resolution: {integrity: sha512-qE3Veg1YXzGHQhlA6jzebZN2qVf6NX+A7m7qlhCGG30dJixrAQhYOsJjsnBjJkCSmuOPpCk30145fr8FV0bzog==}
    engines: {node: ^12.20.0 || ^14.13.1 || >=16.0.0}
    dev: true

  /emoji-regex@10.4.0:
    resolution: {integrity: sha512-EC+0oUMY1Rqm4O6LLrgjtYDvcVYTy7chDnM4Q7030tP4Kwj3u/pR6gP9ygnp2CJMK5Gq+9Q2oqmrFJAz01DXjw==}
    dev: true

  /environment@1.1.0:
    resolution: {integrity: sha512-xUtoPkMggbz0MPyPiIWr1Kp4aeWJjDZ6SMvURhimjdZgsRuDplF5/s9hcgGhyXMhs+6vpnuoiZ2kFiu3FMnS8Q==}
    engines: {node: '>=18'}
    dev: true

  /eventemitter3@5.0.1:
    resolution: {integrity: sha512-GWkBvjiSZK87ELrYOSESUYeVIc9mvLLf/nXalMOS5dYrgZq9o5OVkbZAVM06CVxYsCwH9BDZFPlQTlPA1j4ahA==}
    dev: true

  /execa@8.0.1:
    resolution: {integrity: sha512-VyhnebXciFV2DESc+p6B+y0LjSm0krU4OgJN44qFAhBY0TJ+1V61tYD2+wHusZ6F9n5K+vl8k0sTy7PEfV4qpg==}
    engines: {node: '>=16.17'}
    dependencies:
      cross-spawn: 7.0.6
      get-stream: 8.0.1
      human-signals: 5.0.0
      is-stream: 3.0.0
      merge-stream: 2.0.0
      npm-run-path: 5.3.0
      onetime: 6.0.0
      signal-exit: 4.1.0
      strip-final-newline: 3.0.0
    dev: true

  /fdir@6.4.3(picomatch@4.0.2):
    resolution: {integrity: sha512-PMXmW2y1hDDfTSRc9gaXIuCCRpuoz3Kaz8cUelp3smouvfT632ozg2vrT6lJsHKKOF59YLbOGfAWGUcKEfRMQw==}
    peerDependencies:
      picomatch: ^3 || ^4
    peerDependenciesMeta:
      picomatch:
        optional: true
    dependencies:
      picomatch: 4.0.2
    dev: true

  /fill-range@7.1.1:
    resolution: {integrity: sha512-YsGpe3WHLK8ZYi4tWDg2Jy3ebRz2rXowDxnld4bkQB00cc/1Zw9AWnC0i9ztDJitivtQvaI9KaLyKrc+hBW0yg==}
    engines: {node: '>=8'}
    dependencies:
      to-regex-range: 5.0.1
    dev: true

  /get-east-asian-width@1.3.0:
    resolution: {integrity: sha512-vpeMIQKxczTD/0s2CdEWHcb0eeJe6TFjxb+J5xgX7hScxqrGuyjmv4c1D4A/gelKfyox0gJJwIHF+fLjeaM8kQ==}
    engines: {node: '>=18'}
    dev: true

  /get-stdin@9.0.0:
    resolution: {integrity: sha512-dVKBjfWisLAicarI2Sf+JuBE/DghV4UzNAVe9yhEJuzeREd3JhOTE9cUaJTeSa77fsbQUK3pcOpJfM59+VKZaA==}
    engines: {node: '>=12'}
    dev: true

  /get-stream@8.0.1:
    resolution: {integrity: sha512-VaUJspBffn/LMCJVoMvSAdmscJyS1auj5Zulnn5UoYcY531UWmdwhRWkcGKnGU93m5HSXP9LP2usOryrBtQowA==}
    engines: {node: '>=16'}
    dev: true

  /git-hooks-list@3.1.0:
    resolution: {integrity: sha512-LF8VeHeR7v+wAbXqfgRlTSX/1BJR9Q1vEMR8JAz1cEg6GX07+zyj3sAdDvYjj/xnlIfVuGgj4qBei1K3hKH+PA==}
    dev: true

  /human-signals@5.0.0:
    resolution: {integrity: sha512-AXcZb6vzzrFAUE61HnN4mpLqd/cSIwNQjtNWR0euPm6y0iqx3G4gOXaIDdtdDwZmhwe82LA6+zinmW4UBWVePQ==}
    engines: {node: '>=16.17.0'}
    dev: true

  /husky@8.0.3:
    resolution: {integrity: sha512-+dQSyqPh4x1hlO1swXBiNb2HzTDN1I2IGLQx1GrBuiqFJfoMrnZWwVmatvSiO+Iz8fBUnf+lekwNo4c2LlXItg==}
    engines: {node: '>=14'}
    hasBin: true
    dev: true

  /is-fullwidth-code-point@4.0.0:
    resolution: {integrity: sha512-O4L094N2/dZ7xqVdrXhh9r1KODPJpFms8B5sGdJLPy664AgvXsreZUyCQQNItZRDlYug4xStLjNp/sz3HvBowQ==}
    engines: {node: '>=12'}
    dev: true

  /is-fullwidth-code-point@5.0.0:
    resolution: {integrity: sha512-OVa3u9kkBbw7b8Xw5F9P+D/T9X+Z4+JruYVNapTjPYZYUznQ5YfWeFkOj606XYYW8yugTfC8Pj0hYqvi4ryAhA==}
    engines: {node: '>=18'}
    dependencies:
      get-east-asian-width: 1.3.0
    dev: true

  /is-number@7.0.0:
    resolution: {integrity: sha512-41Cifkg6e8TylSpdtTpeLVMqvSBEVzTttHvERD741+pnZ8ANv0004MRL43QKPDlK9cGvNp6NZWZUBlbGXYxxng==}
    engines: {node: '>=0.12.0'}
    dev: true

  /is-plain-obj@4.1.0:
    resolution: {integrity: sha512-+Pgi+vMuUNkJyExiMBt5IlFoMyKnr5zhJ4Uspz58WOhBF5QoIZkFyNHIbBAtHwzVAgk5RtndVNsDRN61/mmDqg==}
    engines: {node: '>=12'}
    dev: true

  /is-stream@3.0.0:
    resolution: {integrity: sha512-LnQR4bZ9IADDRSkvpqMGvt/tEJWclzklNgSw48V5EAaAeDd6qGvN8ei6k5p0tvxSR171VmGyHuTiAOfxAbr8kA==}
    engines: {node: ^12.20.0 || ^14.13.1 || >=16.0.0}
    dev: true

  /isexe@2.0.0:
    resolution: {integrity: sha512-RHxMLp9lnKHGHRng9QFhRCMbYAcVpn69smSGcq3f36xjgVVWThj4qqLbTLlq7Ssj8B+fIQ1EuCEGI2lKsyQeIw==}
    dev: true

  /lilconfig@3.1.3:
    resolution: {integrity: sha512-/vlFKAoH5Cgt3Ie+JLhRbwOsCQePABiU3tJ1egGvyQ+33R/vcwM2Zl2QR/LzjsBeItPt3oSVXapn+m4nQDvpzw==}
    engines: {node: '>=14'}
    dev: true

  /lint-staged@15.4.3:
    resolution: {integrity: sha512-FoH1vOeouNh1pw+90S+cnuoFwRfUD9ijY2GKy5h7HS3OR7JVir2N2xrsa0+Twc1B7cW72L+88geG5cW4wIhn7g==}
    engines: {node: '>=18.12.0'}
    hasBin: true
    dependencies:
      chalk: 5.4.1
      commander: 13.1.0
      debug: 4.4.0
      execa: 8.0.1
      lilconfig: 3.1.3
      listr2: 8.2.5
      micromatch: 4.0.8
      pidtree: 0.6.0
      string-argv: 0.3.2
      yaml: 2.7.0
    transitivePeerDependencies:
      - supports-color
    dev: true

  /listr2@8.2.5:
    resolution: {integrity: sha512-iyAZCeyD+c1gPyE9qpFu8af0Y+MRtmKOncdGoA2S5EY8iFq99dmmvkNnHiWo+pj0s7yH7l3KPIgee77tKpXPWQ==}
    engines: {node: '>=18.0.0'}
    dependencies:
      cli-truncate: 4.0.0
      colorette: 2.0.20
      eventemitter3: 5.0.1
      log-update: 6.1.0
      rfdc: 1.4.1
      wrap-ansi: 9.0.0
    dev: true

  /log-update@6.1.0:
    resolution: {integrity: sha512-9ie8ItPR6tjY5uYJh8K/Zrv/RMZ5VOlOWvtZdEHYSTFKZfIBPQa9tOAEeAWhd+AnIneLJ22w5fjOYtoutpWq5w==}
    engines: {node: '>=18'}
    dependencies:
      ansi-escapes: 7.0.0
      cli-cursor: 5.0.0
      slice-ansi: 7.1.0
      strip-ansi: 7.1.0
      wrap-ansi: 9.0.0
    dev: true

  /merge-stream@2.0.0:
    resolution: {integrity: sha512-abv/qOcuPfk3URPfDzmZU1LKmuw8kT+0nIHvKrKgFrwifol/doWcdA4ZqsWQ8ENrFKkd67Mfpo/LovbIUsbt3w==}
    dev: true

  /micromatch@4.0.8:
    resolution: {integrity: sha512-PXwfBhYu0hBCPw8Dn0E+WDYb7af3dSLVWKi3HGv84IdF4TyFoC0ysxFd0Goxw7nSv4T/PzEJQxsYsEiFCKo2BA==}
    engines: {node: '>=8.6'}
    dependencies:
      braces: 3.0.3
      picomatch: 2.3.1
    dev: true

  /mimic-fn@4.0.0:
    resolution: {integrity: sha512-vqiC06CuhBTUdZH+RYl8sFrL096vA45Ok5ISO6sE/Mr1jRbGH4Csnhi8f3wKVl7x8mO4Au7Ir9D3Oyv1VYMFJw==}
    engines: {node: '>=12'}
    dev: true

  /mimic-function@5.0.1:
    resolution: {integrity: sha512-VP79XUPxV2CigYP3jWwAUFSku2aKqBH7uTAapFWCBqutsbmDo96KY5o8uh6U+/YSIn5OxJnXp73beVkpqMIGhA==}
    engines: {node: '>=18'}
    dev: true

  /ms@2.1.3:
    resolution: {integrity: sha512-6FlzubTLZG3J2a/NVCAleEhjzq5oxgHyaCU9yYXvcLsvoVaHJq/s5xXI6/XXP6tz7R9xAOtHnSO/tXtF3WRTlA==}
    dev: true

  /npm-run-path@5.3.0:
    resolution: {integrity: sha512-ppwTtiJZq0O/ai0z7yfudtBpWIoxM8yE6nHi1X47eFR2EWORqfbu6CnPlNsjeN683eT0qG6H/Pyf9fCcvjnnnQ==}
    engines: {node: ^12.20.0 || ^14.13.1 || >=16.0.0}
    dependencies:
      path-key: 4.0.0
    dev: true

  /onetime@6.0.0:
    resolution: {integrity: sha512-1FlR+gjXK7X+AsAHso35MnyN5KqGwJRi/31ft6x0M194ht7S+rWAvd7PHss9xSKMzE0asv1pyIHaJYq+BbacAQ==}
    engines: {node: '>=12'}
    dependencies:
      mimic-fn: 4.0.0
    dev: true

  /onetime@7.0.0:
    resolution: {integrity: sha512-VXJjc87FScF88uafS3JllDgvAm+c/Slfz06lorj2uAY34rlUu0Nt+v8wreiImcrgAjjIHp1rXpTDlLOGw29WwQ==}
    engines: {node: '>=18'}
    dependencies:
      mimic-function: 5.0.1
    dev: true

  /path-key@3.1.1:
    resolution: {integrity: sha512-ojmeN0qd+y0jszEtoY48r0Peq5dwMEkIlCOu6Q5f41lfkswXuKtYrhgoTpLnyIcHm24Uhqx+5Tqm2InSwLhE6Q==}
    engines: {node: '>=8'}
    dev: true

  /path-key@4.0.0:
    resolution: {integrity: sha512-haREypq7xkM7ErfgIyA0z+Bj4AGKlMSdlQE2jvJo6huWD1EdkKYV+G/T4nq0YEF2vgTT8kqMFKo1uHn950r4SQ==}
    engines: {node: '>=12'}
    dev: true

  /picomatch@2.3.1:
    resolution: {integrity: sha512-JU3teHTNjmE2VCGFzuY8EXzCDVwEqB2a8fsIvwaStHhAWJEeVd1o1QD80CU6+ZdEXXSLbSsuLwJjkCBWqRQUVA==}
    engines: {node: '>=8.6'}
    dev: true

  /picomatch@4.0.2:
    resolution: {integrity: sha512-M7BAV6Rlcy5u+m6oPhAPFgJTzAioX/6B0DxyvDlo9l8+T3nLKbrczg2WLUyzd45L8RqfUMyGPzekbMvX2Ldkwg==}
    engines: {node: '>=12'}
    dev: true

  /pidtree@0.6.0:
    resolution: {integrity: sha512-eG2dWTVw5bzqGRztnHExczNxt5VGsE6OwTeCG3fdUf9KBsZzO3R5OIIIzWR+iZA0NtZ+RDVdaoE2dK1cn6jH4g==}
    engines: {node: '>=0.10'}
    hasBin: true
    dev: true

  /prettier-plugin-packagejson@2.5.8(prettier@3.5.2):
    resolution: {integrity: sha512-BaGOF63I0IJZoudxpuQe17naV93BRtK8b3byWktkJReKEMX9CC4qdGUzThPDVO/AUhPzlqDiAXbp18U6X8wLKA==}
    peerDependencies:
      prettier: '>= 1.16.0'
    peerDependenciesMeta:
      prettier:
        optional: true
    dependencies:
      prettier: 3.5.2
      sort-package-json: 2.14.0
      synckit: 0.9.2
    dev: true

  /prettier@3.5.2:
    resolution: {integrity: sha512-lc6npv5PH7hVqozBR7lkBNOGXV9vMwROAPlumdBkX0wTbbzPu/U1hk5yL8p2pt4Xoc+2mkT8t/sow2YrV/M5qg==}
    engines: {node: '>=14'}
    hasBin: true
    dev: true

  /restore-cursor@5.1.0:
    resolution: {integrity: sha512-oMA2dcrw6u0YfxJQXm342bFKX/E4sG9rbTzO9ptUcR/e8A33cHuvStiYOwH7fszkZlZ1z/ta9AAoPk2F4qIOHA==}
    engines: {node: '>=18'}
    dependencies:
      onetime: 7.0.0
      signal-exit: 4.1.0
    dev: true

  /rfdc@1.4.1:
    resolution: {integrity: sha512-q1b3N5QkRUWUl7iyylaaj3kOpIT0N2i9MqIEQXP73GVsN9cw3fdx8X63cEmWhJGi2PPCF23Ijp7ktmd39rawIA==}
    dev: true

  /semver@7.6.3:
    resolution: {integrity: sha512-oVekP1cKtI+CTDvHWYFUcMtsK/00wmAEfyqKfNdARm8u1wNVhSgaX7A8d4UuIlUI5e84iEwOhs7ZPYRmzU9U6A==}
    engines: {node: '>=10'}
    hasBin: true
    dev: true

  /shebang-command@2.0.0:
    resolution: {integrity: sha512-kHxr2zZpYtdmrN1qDjrrX/Z1rR1kG8Dx+gkpK1G4eXmvXswmcE1hTWBWYUzlraYw1/yZp6YuDY77YtvbN0dmDA==}
    engines: {node: '>=8'}
    dependencies:
      shebang-regex: 3.0.0
    dev: true

  /shebang-regex@3.0.0:
    resolution: {integrity: sha512-7++dFhtcx3353uBaq8DDR4NuxBetBzC7ZQOhmTQInHEd6bSrXdiEyzCvG07Z44UYdLShWUyXt5M/yhz8ekcb1A==}
    engines: {node: '>=8'}
    dev: true

  /signal-exit@4.1.0:
    resolution: {integrity: sha512-bzyZ1e88w9O1iNJbKnOlvYTrWPDl46O1bG0D3XInv+9tkPrxrN8jUUTiFlDkkmKWgn1M6CfIA13SuGqOa9Korw==}
    engines: {node: '>=14'}
    dev: true

  /slice-ansi@5.0.0:
    resolution: {integrity: sha512-FC+lgizVPfie0kkhqUScwRu1O/lF6NOgJmlCgK+/LYxDCTk8sGelYaHDhFcDN+Sn3Cv+3VSa4Byeo+IMCzpMgQ==}
    engines: {node: '>=12'}
    dependencies:
      ansi-styles: 6.2.1
      is-fullwidth-code-point: 4.0.0
    dev: true

  /slice-ansi@7.1.0:
    resolution: {integrity: sha512-bSiSngZ/jWeX93BqeIAbImyTbEihizcwNjFoRUIY/T1wWQsfsm2Vw1agPKylXvQTU7iASGdHhyqRlqQzfz+Htg==}
    engines: {node: '>=18'}
    dependencies:
      ansi-styles: 6.2.1
      is-fullwidth-code-point: 5.0.0
    dev: true

  /sort-object-keys@1.1.3:
    resolution: {integrity: sha512-855pvK+VkU7PaKYPc+Jjnmt4EzejQHyhhF33q31qG8x7maDzkeFhAAThdCYay11CISO+qAMwjOBP+fPZe0IPyg==}
    dev: true

  /sort-package-json@2.14.0:
    resolution: {integrity: sha512-xBRdmMjFB/KW3l51mP31dhlaiFmqkHLfWTfZAno8prb/wbDxwBPWFpxB16GZbiPbYr3wL41H8Kx22QIDWRe8WQ==}
    hasBin: true
    dependencies:
      detect-indent: 7.0.1
      detect-newline: 4.0.1
      get-stdin: 9.0.0
      git-hooks-list: 3.1.0
      is-plain-obj: 4.1.0
      semver: 7.6.3
      sort-object-keys: 1.1.3
      tinyglobby: 0.2.10
    dev: true

  /string-argv@0.3.2:
    resolution: {integrity: sha512-aqD2Q0144Z+/RqG52NeHEkZauTAUWJO8c6yTftGJKO3Tja5tUgIfmIl6kExvhtxSDP7fXB6DvzkfMpCd/F3G+Q==}
    engines: {node: '>=0.6.19'}
    dev: true

  /string-width@7.2.0:
    resolution: {integrity: sha512-tsaTIkKW9b4N+AEj+SVA+WhJzV7/zMhcSu78mLKWSk7cXMOSHsBKFWUs0fWwq8QyK3MgJBQRX6Gbi4kYbdvGkQ==}
    engines: {node: '>=18'}
    dependencies:
      emoji-regex: 10.4.0
      get-east-asian-width: 1.3.0
      strip-ansi: 7.1.0
    dev: true

  /strip-ansi@7.1.0:
    resolution: {integrity: sha512-iq6eVVI64nQQTRYq2KtEg2d2uU7LElhTJwsH4YzIHZshxlgZms/wIc4VoDQTlG/IvVIrBKG06CrZnp0qv7hkcQ==}
    engines: {node: '>=12'}
    dependencies:
      ansi-regex: 6.1.0
    dev: true

  /strip-final-newline@3.0.0:
    resolution: {integrity: sha512-dOESqjYr96iWYylGObzd39EuNTa5VJxyvVAEm5Jnh7KGo75V43Hk1odPQkNDyXNmUR6k+gEiDVXnjB8HJ3crXw==}
    engines: {node: '>=12'}
    dev: true

  /synckit@0.9.2:
    resolution: {integrity: sha512-vrozgXDQwYO72vHjUb/HnFbQx1exDjoKzqx23aXEg2a9VIg2TSFZ8FmeZpTjUCFMYw7mpX4BE2SFu8wI7asYsw==}
    engines: {node: ^14.18.0 || >=16.0.0}
    dependencies:
      '@pkgr/core': 0.1.1
      tslib: 2.8.1
    dev: true

  /tinyglobby@0.2.10:
    resolution: {integrity: sha512-Zc+8eJlFMvgatPZTl6A9L/yht8QqdmUNtURHaKZLmKBE12hNPSrqNkUp2cs3M/UKmNVVAMFQYSjYIVHDjW5zew==}
    engines: {node: '>=12.0.0'}
    dependencies:
      fdir: 6.4.3(picomatch@4.0.2)
      picomatch: 4.0.2
    dev: true

  /to-regex-range@5.0.1:
    resolution: {integrity: sha512-65P7iz6X5yEr1cwcgvQxbbIw7Uk3gOy5dIdtZ4rDveLqhrdJP+Li/Hx6tyK0NEb+2GCyneCMJiGqrADCSNk8sQ==}
    engines: {node: '>=8.0'}
    dependencies:
      is-number: 7.0.0
    dev: true

  /tslib@2.8.1:
    resolution: {integrity: sha512-oJFu94HQb+KVduSUQL7wnpmqnfmLsOA/nAh6b6EH0wCEoK0/mPeXU6c3wKDV83MkOuHPRHtSXKKU99IBazS/2w==}
    dev: true

  /which@2.0.2:
    resolution: {integrity: sha512-BLI3Tl1TW3Pvl70l3yq3Y64i+awpwXqsGBYWkkqMtnbXgrMD+yj7rhW0kuEDxzJaYXGjEW5ogapKNMEKNMjibA==}
    engines: {node: '>= 8'}
    hasBin: true
    dependencies:
      isexe: 2.0.0
    dev: true

  /wrap-ansi@9.0.0:
    resolution: {integrity: sha512-G8ura3S+3Z2G+mkgNRq8dqaFZAuxfsxpBB8OCTGRTCtp+l/v9nbFNmCUP1BZMts3G1142MsZfn6eeUKrr4PD1Q==}
    engines: {node: '>=18'}
    dependencies:
      ansi-styles: 6.2.1
      string-width: 7.2.0
      strip-ansi: 7.1.0
    dev: true

  /yaml@2.7.0:
    resolution: {integrity: sha512-+hSoy/QHluxmC9kCIJyL/uyFmLmc+e5CFR5Wa+bpIhIj85LVb9ZH2nVnqrHoSvKogwODv0ClqZkmiSSaIH5LTA==}
    engines: {node: '>= 14'}
    hasBin: true
    dev: true
