PODS:
  - FlutterMacOS (1.0.0)
  - rive_native (0.0.1):
    - FlutterMacOS

DEPENDENCIES:
  - FlutterMacOS (from `Flutter/ephemeral`)
  - rive_native (from `Flutter/ephemeral/.symlinks/plugins/rive_native/macos`)

EXTERNAL SOURCES:
  FlutterMacOS:
    :path: Flutter/ephemeral
  rive_native:
    :path: Flutter/ephemeral/.symlinks/plugins/rive_native/macos

SPEC CHECKSUMS:
  FlutterMacOS: d0db08ddef1a9af05a5ec4b724367152bb0500b1
  rive_native: ca6867a346588838584c59edfa4d02bc63ca0965

PODFILE CHECKSUM: 54d867c82ac51cbd61b565781b9fada492027009

COCOAPODS: 1.16.2
