PODS:
  - Flutter (1.0.0)
  - rive_native (0.0.1):
    - Flutter

DEPENDENCIES:
  - Flutter (from `Flutter`)
  - rive_native (from `.symlinks/plugins/rive_native/ios`)

EXTERNAL SOURCES:
  Flutter:
    :path: Flutter
  rive_native:
    :path: ".symlinks/plugins/rive_native/ios"

SPEC CHECKSUMS:
  Flutter: cabc95a1d2626b1b06e7179b784ebcf0c0cde467
  rive_native: fcea2a63d25e1a6417716ac1380e9667cf52ad74

PODFILE CHECKSUM: 3c63482e143d1b91d2d2560aee9fb04ecc74ac7e

COCOAPODS: 1.16.2
