# Generated by pub
# See https://dart.dev/tools/pub/glossary#lockfile
packages:
  rive:
    dependency: "direct main"
    description:
      name: rive
      sha256: "xyz123"
      url: "https://pub.dev"
    source: hosted
    version: "0.14.1"
  flutter_svg:
    dependency: "direct main"
    description:
      name: flutter_svg
      sha256: "uvw456"
      url: "https://pub.dev"
    source: hosted
    version: "2.0.10"
sdks:
  dart: ">=3.0.0 <4.0.0"
